<?xml version="1.0" encoding="utf-8"?>
<Project ToolsVersion="4.0" xmlns="http://schemas.microsoft.com/developer/msbuild/2003">
  <ItemGroup>
    <Filter Include="Source Files">
      <UniqueIdentifier>{4FC737F1-C7A5-4376-A066-2A32D752A2FF}</UniqueIdentifier>
      <Extensions>cpp;c;cc;cxx;def;odl;idl;hpj;bat;asm;asmx</Extensions>
    </Filter>
    <Filter Include="Header Files">
      <UniqueIdentifier>{93995380-89BD-4b04-88EB-625FBE52EBFB}</UniqueIdentifier>
      <Extensions>h;hh;hpp;hxx;hm;inl;inc;xsd</Extensions>
    </Filter>
    <Filter Include="Resource Files">
      <UniqueIdentifier>{67DA6AB6-F800-4c08-8B7A-83BB121AAD01}</UniqueIdentifier>
      <Extensions>rc;ico;cur;bmp;dlg;rc2;rct;bin;rgs;gif;jpg;jpeg;jpe;resx;tiff;tif;png;wav;mfcribbon-ms</Extensions>
    </Filter>
  </ItemGroup>
  <ItemGroup>
    <None Include="WeMosWiFiBot.ino" />
  </ItemGroup>
  <ItemGroup>
    <ClInclude Include="Pamux\Lib\DifferentialDrive.h">
      <Filter>Header Files</Filter>
    </ClInclude>
    <ClInclude Include="Pamux\Lib\NoOpLogger.h">
      <Filter>Header Files</Filter>
    </ClInclude>
    <ClInclude Include="Pamux\Lib\Common.h">
      <Filter>Header Files</Filter>
    </ClInclude>
    <ClInclude Include="Pamux\Lib\Object.h">
      <Filter>Header Files</Filter>
    </ClInclude>
    <ClInclude Include="Pamux\Lib\WiFi.h">
      <Filter>Header Files</Filter>
    </ClInclude>
    <ClInclude Include="Pamux\Lib\SerialLogger.h">
      <Filter>Header Files</Filter>
    </ClInclude>
    <ClInclude Include="Pamux\Lib\Servo.h">
      <Filter>Header Files</Filter>
    </ClInclude>
    <ClInclude Include="Pamux\App\RobotHand.h">
      <Filter>Header Files</Filter>
    </ClInclude>
    <ClInclude Include="Pamux\Lib\BuiltInLED.h">
      <Filter>Header Files</Filter>
    </ClInclude>
    <ClInclude Include="Pamux\Lib\DCMotor.h">
      <Filter>Header Files</Filter>
    </ClInclude>
    <ClInclude Include="Pamux\Lib\I2C.h">
      <Filter>Header Files</Filter>
    </ClInclude>
    <ClInclude Include="Pamux\Lib\WemosMotor.h">
      <Filter>Header Files</Filter>
    </ClInclude>
    <ClInclude Include="__vm\.WeMosWiFiBot.vsarduino.h">
      <Filter>Header Files</Filter>
    </ClInclude>
    <ClInclude Include="Pamux\Lib\ArduinoApp.h">
      <Filter>Header Files</Filter>
    </ClInclude>
    <ClInclude Include="Pamux\App\WeMosWiFiBotApp.h">
      <Filter>Header Files</Filter>
    </ClInclude>
    <ClInclude Include="Pamux\Lib\Logger.h">
      <Filter>Header Files</Filter>
    </ClInclude>
  </ItemGroup>
  <ItemGroup>
    <ClCompile Include="Pamux\Lib\DifferentialDrive.cpp">
      <Filter>Source Files</Filter>
    </ClCompile>
    <ClCompile Include="Pamux\Lib\Common.cpp">
      <Filter>Source Files</Filter>
    </ClCompile>
    <ClCompile Include="Pamux\Lib\I2C.cpp">
      <Filter>Source Files</Filter>
    </ClCompile>
    <ClCompile Include="Pamux\Lib\Object.cpp">
      <Filter>Source Files</Filter>
    </ClCompile>
    <ClCompile Include="Pamux\Lib\WiFi.cpp">
      <Filter>Source Files</Filter>
    </ClCompile>
    <ClCompile Include="Pamux\App\RobotHand.cpp">
      <Filter>Source Files</Filter>
    </ClCompile>
    <ClCompile Include="Pamux\Lib\Servo.cpp">
      <Filter>Source Files</Filter>
    </ClCompile>
    <ClCompile Include="Pamux\Lib\BuiltInLED.cpp">
      <Filter>Source Files</Filter>
    </ClCompile>
    <ClCompile Include="Pamux\Lib\DCMotor.cpp">
      <Filter>Source Files</Filter>
    </ClCompile>
    <ClCompile Include="Pamux\Lib\WemosMotor.cpp">
      <Filter>Source Files</Filter>
    </ClCompile>
    <ClCompile Include="Pamux\Lib\ArduinoApp.cpp">
      <Filter>Source Files</Filter>
    </ClCompile>
    <ClCompile Include="Pamux\App\WeMosWiFiBotApp.cpp">
      <Filter>Source Files</Filter>
    </ClCompile>
  </ItemGroup>
</Project>